// !$*UTF8*$!
{
	archiveVersion = 1;
	classes = {
	};
	objectVersion = 77;
	objects = {

/* Begin PBXContainerItemProxy section */
		645A65CC2CE1B0B100173986 /* PBXContainerItemProxy */ = {
			isa = PBXContainerItemProxy;
			containerPortal = 645A65AD2CE1B0AF00173986 /* Project object */;
			proxyType = 1;
			remoteGlobalIDString = 645A65B42CE1B0AF00173986;
			remoteInfo = UIKitCoordinator;
		};
		645A65D62CE1B0B100173986 /* PBXContainerItemProxy */ = {
			isa = PBXContainerItemProxy;
			containerPortal = 645A65AD2CE1B0AF00173986 /* Project object */;
			proxyType = 1;
			remoteGlobalIDString = 645A65B42CE1B0AF00173986;
			remoteInfo = UIKitCoordinator;
		};
/* End PBXContainerItemProxy section */

/* Begin PBXFileReference section */
		645A65B52CE1B0AF00173986 /* UIKitCoordinator.app */ = {isa = PBXFileReference; explicitFileType = wrapper.application; includeInIndex = 0; path = UIKitCoordinator.app; sourceTree = BUILT_PRODUCTS_DIR; };
		645A65CB2CE1B0B100173986 /* UIKitCoordinatorTests.xctest */ = {isa = PBXFileReference; explicitFileType = wrapper.cfbundle; includeInIndex = 0; path = UIKitCoordinatorTests.xctest; sourceTree = BUILT_PRODUCTS_DIR; };
		645A65D52CE1B0B100173986 /* UIKitCoordinatorUITests.xctest */ = {isa = PBXFileReference; explicitFileType = wrapper.cfbundle; includeInIndex = 0; path = UIKitCoordinatorUITests.xctest; sourceTree = BUILT_PRODUCTS_DIR; };
/* End PBXFileReference section */

/* Begin PBXFileSystemSynchronizedBuildFileExceptionSet section */
		645A65DD2CE1B0B100173986 /* Exceptions for "UIKitCoordinator" folder in "UIKitCoordinator" target */ = {
			isa = PBXFileSystemSynchronizedBuildFileExceptionSet;
			membershipExceptions = (
				Resources/Info.plist,
			);
			target = 645A65B42CE1B0AF00173986 /* UIKitCoordinator */;
		};
/* End PBXFileSystemSynchronizedBuildFileExceptionSet section */

/* Begin PBXFileSystemSynchronizedRootGroup section */
		645A65B72CE1B0AF00173986 /* UIKitCoordinator */ = {
			isa = PBXFileSystemSynchronizedRootGroup;
			exceptions = (
				645A65DD2CE1B0B100173986 /* Exceptions for "UIKitCoordinator" folder in "UIKitCoordinator" target */,
			);
			path = UIKitCoordinator;
			sourceTree = "<group>";
		};
		645A65CE2CE1B0B100173986 /* UIKitCoordinatorTests */ = {
			isa = PBXFileSystemSynchronizedRootGroup;
			path = UIKitCoordinatorTests;
			sourceTree = "<group>";
		};
		645A65D82CE1B0B100173986 /* UIKitCoordinatorUITests */ = {
			isa = PBXFileSystemSynchronizedRootGroup;
			path = UIKitCoordinatorUITests;
			sourceTree = "<group>";
		};
/* End PBXFileSystemSynchronizedRootGroup section */

/* Begin PBXFrameworksBuildPhase section */
		645A65B22CE1B0AF00173986 /* Frameworks */ = {
			isa = PBXFrameworksBuildPhase;
			buildActionMask = 2147483647;
			files = (
			);
			runOnlyForDeploymentPostprocessing = 0;
		};
		645A65C82CE1B0B100173986 /* Frameworks */ = {
			isa = PBXFrameworksBuildPhase;
			buildActionMask = 2147483647;
			files = (
			);
			runOnlyForDeploymentPostprocessing = 0;
		};
		645A65D22CE1B0B100173986 /* Frameworks */ = {
			isa = PBXFrameworksBuildPhase;
			buildActionMask = 2147483647;
			files = (
			);
			runOnlyForDeploymentPostprocessing = 0;
		};
/* End PBXFrameworksBuildPhase section */

/* Begin PBXGroup section */
		645A65AC2CE1B0AF00173986 = {
			isa = PBXGroup;
			children = (
				645A65B72CE1B0AF00173986 /* UIKitCoordinator */,
				645A65CE2CE1B0B100173986 /* UIKitCoordinatorTests */,
				645A65D82CE1B0B100173986 /* UIKitCoordinatorUITests */,
				645A65B62CE1B0AF00173986 /* Products */,
			);
			sourceTree = "<group>";
		};
		645A65B62CE1B0AF00173986 /* Products */ = {
			isa = PBXGroup;
			children = (
				645A65B52CE1B0AF00173986 /* UIKitCoordinator.app */,
				645A65CB2CE1B0B100173986 /* UIKitCoordinatorTests.xctest */,
				645A65D52CE1B0B100173986 /* UIKitCoordinatorUITests.xctest */,
			);
			name = Products;
			sourceTree = "<group>";
		};
/* End PBXGroup section */

/* Begin PBXNativeTarget section */
		645A65B42CE1B0AF00173986 /* UIKitCoordinator */ = {
			isa = PBXNativeTarget;
			buildConfigurationList = 645A65DE2CE1B0B100173986 /* Build configuration list for PBXNativeTarget "UIKitCoordinator" */;
			buildPhases = (
				645A65B12CE1B0AF00173986 /* Sources */,
				645A65B22CE1B0AF00173986 /* Frameworks */,
				645A65B32CE1B0AF00173986 /* Resources */,
			);
			buildRules = (
			);
			dependencies = (
			);
			fileSystemSynchronizedGroups = (
				645A65B72CE1B0AF00173986 /* UIKitCoordinator */,
			);
			name = UIKitCoordinator;
			packageProductDependencies = (
			);
			productName = UIKitCoordinator;
			productReference = 645A65B52CE1B0AF00173986 /* UIKitCoordinator.app */;
			productType = "com.apple.product-type.application";
		};
		645A65CA2CE1B0B100173986 /* UIKitCoordinatorTests */ = {
			isa = PBXNativeTarget;
			buildConfigurationList = 645A65E32CE1B0B100173986 /* Build configuration list for PBXNativeTarget "UIKitCoordinatorTests" */;
			buildPhases = (
				645A65C72CE1B0B100173986 /* Sources */,
				645A65C82CE1B0B100173986 /* Frameworks */,
				645A65C92CE1B0B100173986 /* Resources */,
			);
			buildRules = (
			);
			dependencies = (
				645A65CD2CE1B0B100173986 /* PBXTargetDependency */,
			);
			fileSystemSynchronizedGroups = (
				645A65CE2CE1B0B100173986 /* UIKitCoordinatorTests */,
			);
			name = UIKitCoordinatorTests;
			packageProductDependencies = (
			);
			productName = UIKitCoordinatorTests;
			productReference = 645A65CB2CE1B0B100173986 /* UIKitCoordinatorTests.xctest */;
			productType = "com.apple.product-type.bundle.unit-test";
		};
		645A65D42CE1B0B100173986 /* UIKitCoordinatorUITests */ = {
			isa = PBXNativeTarget;
			buildConfigurationList = 645A65E62CE1B0B100173986 /* Build configuration list for PBXNativeTarget "UIKitCoordinatorUITests" */;
			buildPhases = (
				645A65D12CE1B0B100173986 /* Sources */,
				645A65D22CE1B0B100173986 /* Frameworks */,
				645A65D32CE1B0B100173986 /* Resources */,
			);
			buildRules = (
			);
			dependencies = (
				645A65D72CE1B0B100173986 /* PBXTargetDependency */,
			);
			fileSystemSynchronizedGroups = (
				645A65D82CE1B0B100173986 /* UIKitCoordinatorUITests */,
			);
			name = UIKitCoordinatorUITests;
			packageProductDependencies = (
			);
			productName = UIKitCoordinatorUITests;
			productReference = 645A65D52CE1B0B100173986 /* UIKitCoordinatorUITests.xctest */;
			productType = "com.apple.product-type.bundle.ui-testing";
		};
/* End PBXNativeTarget section */

/* Begin PBXProject section */
		645A65AD2CE1B0AF00173986 /* Project object */ = {
			isa = PBXProject;
			attributes = {
				BuildIndependentTargetsInParallel = 1;
				LastSwiftUpdateCheck = 1600;
				LastUpgradeCheck = 1600;
				TargetAttributes = {
					645A65B42CE1B0AF00173986 = {
						CreatedOnToolsVersion = 16.0;
					};
					645A65CA2CE1B0B100173986 = {
						CreatedOnToolsVersion = 16.0;
						TestTargetID = 645A65B42CE1B0AF00173986;
					};
					645A65D42CE1B0B100173986 = {
						CreatedOnToolsVersion = 16.0;
						TestTargetID = 645A65B42CE1B0AF00173986;
					};
				};
			};
			buildConfigurationList = 645A65B02CE1B0AF00173986 /* Build configuration list for PBXProject "UIKitCoordinator" */;
			developmentRegion = en;
			hasScannedForEncodings = 0;
			knownRegions = (
				en,
				Base,
			);
			mainGroup = 645A65AC2CE1B0AF00173986;
			minimizedProjectReferenceProxies = 1;
			preferredProjectObjectVersion = 77;
			productRefGroup = 645A65B62CE1B0AF00173986 /* Products */;
			projectDirPath = "";
			projectRoot = "";
			targets = (
				645A65B42CE1B0AF00173986 /* UIKitCoordinator */,
				645A65CA2CE1B0B100173986 /* UIKitCoordinatorTests */,
				645A65D42CE1B0B100173986 /* UIKitCoordinatorUITests */,
			);
		};
/* End PBXProject section */

/* Begin PBXResourcesBuildPhase section */
		645A65B32CE1B0AF00173986 /* Resources */ = {
			isa = PBXResourcesBuildPhase;
			buildActionMask = 2147483647;
			files = (
			);
			runOnlyForDeploymentPostprocessing = 0;
		};
		645A65C92CE1B0B100173986 /* Resources */ = {
			isa = PBXResourcesBuildPhase;
			buildActionMask = 2147483647;
			files = (
			);
			runOnlyForDeploymentPostprocessing = 0;
		};
		645A65D32CE1B0B100173986 /* Resources */ = {
			isa = PBXResourcesBuildPhase;
			buildActionMask = 2147483647;
			files = (
			);
			runOnlyForDeploymentPostprocessing = 0;
		};
/* End PBXResourcesBuildPhase section */

/* Begin PBXSourcesBuildPhase section */
		645A65B12CE1B0AF00173986 /* Sources */ = {
			isa = PBXSourcesBuildPhase;
			buildActionMask = 2147483647;
			files = (
			);
			runOnlyForDeploymentPostprocessing = 0;
		};
		645A65C72CE1B0B100173986 /* Sources */ = {
			isa = PBXSourcesBuildPhase;
			buildActionMask = 2147483647;
			files = (
			);
			runOnlyForDeploymentPostprocessing = 0;
		};
		645A65D12CE1B0B100173986 /* Sources */ = {
			isa = PBXSourcesBuildPhase;
			buildActionMask = 2147483647;
			files = (
			);
			runOnlyForDeploymentPostprocessing = 0;
		};
/* End PBXSourcesBuildPhase section */

/* Begin PBXTargetDependency section */
		645A65CD2CE1B0B100173986 /* PBXTargetDependency */ = {
			isa = PBXTargetDependency;
			target = 645A65B42CE1B0AF00173986 /* UIKitCoordinator */;
			targetProxy = 645A65CC2CE1B0B100173986 /* PBXContainerItemProxy */;
		};
		645A65D72CE1B0B100173986 /* PBXTargetDependency */ = {
			isa = PBXTargetDependency;
			target = 645A65B42CE1B0AF00173986 /* UIKitCoordinator */;
			targetProxy = 645A65D62CE1B0B100173986 /* PBXContainerItemProxy */;
		};
/* End PBXTargetDependency section */

/* Begin XCBuildConfiguration section */
		645A65DF2CE1B0B100173986 /* Debug */ = {
			isa = XCBuildConfiguration;
			buildSettings = {
				ASSETCATALOG_COMPILER_APPICON_NAME = AppIcon;
				ASSETCATALOG_COMPILER_GLOBAL_ACCENT_COLOR_NAME = AccentColor;
				CODE_SIGN_STYLE = Automatic;
				CURRENT_PROJECT_VERSION = 1;
				DEVELOPMENT_TEAM = 8WDM9V7J4G;
				GENERATE_INFOPLIST_FILE = YES;
				INFOPLIST_FILE = UIKitCoordinator/Resources/Info.plist;
				INFOPLIST_KEY_UIApplicationSupportsIndirectInputEvents = YES;
				INFOPLIST_KEY_UILaunchStoryboardName = LaunchScreen;
				INFOPLIST_KEY_UISupportedInterfaceOrientations_iPad = "UIInterfaceOrientationPortrait UIInterfaceOrientationPortraitUpsideDown UIInterfaceOrientationLandscapeLeft UIInterfaceOrientationLandscapeRight";
				INFOPLIST_KEY_UISupportedInterfaceOrientations_iPhone = "UIInterfaceOrientationPortrait UIInterfaceOrientationLandscapeLeft UIInterfaceOrientationLandscapeRight";
				IPHONEOS_DEPLOYMENT_TARGET = 12.0;
				LD_RUNPATH_SEARCH_PATHS = (
					"$(inherited)",
					"@executable_path/Frameworks",
				);
				MARKETING_VERSION = 1.0;
				PRODUCT_BUNDLE_IDENTIFIER = example.UIKitCoordinator;
				PRODUCT_NAME = "$(TARGET_NAME)";
				SWIFT_EMIT_LOC_STRINGS = YES;
				SWIFT_VERSION = 5.0;
				TARGETED_DEVICE_FAMILY = "1,2";
			};
			name = Debug;
		};
		645A65E02CE1B0B100173986 /* Release */ = {
			isa = XCBuildConfiguration;
			buildSettings = {
				ASSETCATALOG_COMPILER_APPICON_NAME = AppIcon;
				ASSETCATALOG_COMPILER_GLOBAL_ACCENT_COLOR_NAME = AccentColor;
				CODE_SIGN_IDENTITY = "Apple Development";
				CODE_SIGN_STYLE = Automatic;
				CURRENT_PROJECT_VERSION = 1;
				DEVELOPMENT_TEAM = 8WDM9V7J4G;
				GENERATE_INFOPLIST_FILE = YES;
				INFOPLIST_FILE = UIKitCoordinator/Resources/Info.plist;
				INFOPLIST_KEY_UIApplicationSupportsIndirectInputEvents = YES;
				INFOPLIST_KEY_UILaunchStoryboardName = LaunchScreen;
				INFOPLIST_KEY_UISupportedInterfaceOrientations_iPad = "UIInterfaceOrientationPortrait UIInterfaceOrientationPortraitUpsideDown UIInterfaceOrientationLandscapeLeft UIInterfaceOrientationLandscapeRight";
				INFOPLIST_KEY_UISupportedInterfaceOrientations_iPhone = "UIInterfaceOrientationPortrait UIInterfaceOrientationLandscapeLeft UIInterfaceOrientationLandscapeRight";
				IPHONEOS_DEPLOYMENT_TARGET = 12.0;
				LD_RUNPATH_SEARCH_PATHS = (
					"$(inherited)",
					"@executable_path/Frameworks",
				);
				MARKETING_VERSION = 1.0;
				PRODUCT_BUNDLE_IDENTIFIER = example.UIKitCoordinator;
				PRODUCT_NAME = "$(TARGET_NAME)";
				PROVISIONING_PROFILE_SPECIFIER = "";
				SWIFT_EMIT_LOC_STRINGS = YES;
				SWIFT_VERSION = 5.0;
				TARGETED_DEVICE_FAMILY = "1,2";
			};
			name = Release;
		};
		645A65E12CE1B0B100173986 /* Debug */ = {
			isa = XCBuildConfiguration;
			buildSettings = {
				ALWAYS_SEARCH_USER_PATHS = NO;
				ASSETCATALOG_COMPILER_GENERATE_SWIFT_ASSET_SYMBOL_EXTENSIONS = YES;
				CLANG_ANALYZER_NONNULL = YES;
				CLANG_ANALYZER_NUMBER_OBJECT_CONVERSION = YES_AGGRESSIVE;
				CLANG_CXX_LANGUAGE_STANDARD = "gnu++20";
				CLANG_ENABLE_MODULES = YES;
				CLANG_ENABLE_OBJC_ARC = YES;
				CLANG_ENABLE_OBJC_WEAK = YES;
				CLANG_WARN_BLOCK_CAPTURE_AUTORELEASING = YES;
				CLANG_WARN_BOOL_CONVERSION = YES;
				CLANG_WARN_COMMA = YES;
				CLANG_WARN_CONSTANT_CONVERSION = YES;
				CLANG_WARN_DEPRECATED_OBJC_IMPLEMENTATIONS = YES;
				CLANG_WARN_DIRECT_OBJC_ISA_USAGE = YES_ERROR;
				CLANG_WARN_DOCUMENTATION_COMMENTS = YES;
				CLANG_WARN_EMPTY_BODY = YES;
				CLANG_WARN_ENUM_CONVERSION = YES;
				CLANG_WARN_INFINITE_RECURSION = YES;
				CLANG_WARN_INT_CONVERSION = YES;
				CLANG_WARN_NON_LITERAL_NULL_CONVERSION = YES;
				CLANG_WARN_OBJC_IMPLICIT_RETAIN_SELF = YES;
				CLANG_WARN_OBJC_LITERAL_CONVERSION = YES;
				CLANG_WARN_OBJC_ROOT_CLASS = YES_ERROR;
				CLANG_WARN_QUOTED_INCLUDE_IN_FRAMEWORK_HEADER = YES;
				CLANG_WARN_RANGE_LOOP_ANALYSIS = YES;
				CLANG_WARN_STRICT_PROTOTYPES = YES;
				CLANG_WARN_SUSPICIOUS_MOVE = YES;
				CLANG_WARN_UNGUARDED_AVAILABILITY = YES_AGGRESSIVE;
				CLANG_WARN_UNREACHABLE_CODE = YES;
				CLANG_WARN__DUPLICATE_METHOD_MATCH = YES;
				COPY_PHASE_STRIP = NO;
				DEBUG_INFORMATION_FORMAT = dwarf;
				ENABLE_STRICT_OBJC_MSGSEND = YES;
				ENABLE_TESTABILITY = YES;
				ENABLE_USER_SCRIPT_SANDBOXING = YES;
				GCC_C_LANGUAGE_STANDARD = gnu17;
				GCC_DYNAMIC_NO_PIC = NO;
				GCC_NO_COMMON_BLOCKS = YES;
				GCC_OPTIMIZATION_LEVEL = 0;
				GCC_PREPROCESSOR_DEFINITIONS = (
					"DEBUG=1",
					"$(inherited)",
				);
				GCC_WARN_64_TO_32_BIT_CONVERSION = YES;
				GCC_WARN_ABOUT_RETURN_TYPE = YES_ERROR;
				GCC_WARN_UNDECLARED_SELECTOR = YES;
				GCC_WARN_UNINITIALIZED_AUTOS = YES_AGGRESSIVE;
				GCC_WARN_UNUSED_FUNCTION = YES;
				GCC_WARN_UNUSED_VARIABLE = YES;
				IPHONEOS_DEPLOYMENT_TARGET = 18.0;
				LOCALIZATION_PREFERS_STRING_CATALOGS = YES;
				MTL_ENABLE_DEBUG_INFO = INCLUDE_SOURCE;
				MTL_FAST_MATH = YES;
				ONLY_ACTIVE_ARCH = YES;
				SDKROOT = iphoneos;
				SWIFT_ACTIVE_COMPILATION_CONDITIONS = "DEBUG $(inherited)";
				SWIFT_OPTIMIZATION_LEVEL = "-Onone";
			};
			name = Debug;
		};
		645A65E22CE1B0B100173986 /* Release */ = {
			isa = XCBuildConfiguration;
			buildSettings = {
				ALWAYS_SEARCH_USER_PATHS = NO;
				ASSETCATALOG_COMPILER_GENERATE_SWIFT_ASSET_SYMBOL_EXTENSIONS = YES;
				CLANG_ANALYZER_NONNULL = YES;
				CLANG_ANALYZER_NUMBER_OBJECT_CONVERSION = YES_AGGRESSIVE;
				CLANG_CXX_LANGUAGE_STANDARD = "gnu++20";
				CLANG_ENABLE_MODULES = YES;
				CLANG_ENABLE_OBJC_ARC = YES;
				CLANG_ENABLE_OBJC_WEAK = YES;
				CLANG_WARN_BLOCK_CAPTURE_AUTORELEASING = YES;
				CLANG_WARN_BOOL_CONVERSION = YES;
				CLANG_WARN_COMMA = YES;
				CLANG_WARN_CONSTANT_CONVERSION = YES;
				CLANG_WARN_DEPRECATED_OBJC_IMPLEMENTATIONS = YES;
				CLANG_WARN_DIRECT_OBJC_ISA_USAGE = YES_ERROR;
				CLANG_WARN_DOCUMENTATION_COMMENTS = YES;
				CLANG_WARN_EMPTY_BODY = YES;
				CLANG_WARN_ENUM_CONVERSION = YES;
				CLANG_WARN_INFINITE_RECURSION = YES;
				CLANG_WARN_INT_CONVERSION = YES;
				CLANG_WARN_NON_LITERAL_NULL_CONVERSION = YES;
				CLANG_WARN_OBJC_IMPLICIT_RETAIN_SELF = YES;
				CLANG_WARN_OBJC_LITERAL_CONVERSION = YES;
				CLANG_WARN_OBJC_ROOT_CLASS = YES_ERROR;
				CLANG_WARN_QUOTED_INCLUDE_IN_FRAMEWORK_HEADER = YES;
				CLANG_WARN_RANGE_LOOP_ANALYSIS = YES;
				CLANG_WARN_STRICT_PROTOTYPES = YES;
				CLANG_WARN_SUSPICIOUS_MOVE = YES;
				CLANG_WARN_UNGUARDED_AVAILABILITY = YES_AGGRESSIVE;
				CLANG_WARN_UNREACHABLE_CODE = YES;
				CLANG_WARN__DUPLICATE_METHOD_MATCH = YES;
				COPY_PHASE_STRIP = NO;
				DEBUG_INFORMATION_FORMAT = "dwarf-with-dsym";
				ENABLE_NS_ASSERTIONS = NO;
				ENABLE_STRICT_OBJC_MSGSEND = YES;
				ENABLE_USER_SCRIPT_SANDBOXING = YES;
				GCC_C_LANGUAGE_STANDARD = gnu17;
				GCC_NO_COMMON_BLOCKS = YES;
				GCC_WARN_64_TO_32_BIT_CONVERSION = YES;
				GCC_WARN_ABOUT_RETURN_TYPE = YES_ERROR;
				GCC_WARN_UNDECLARED_SELECTOR = YES;
				GCC_WARN_UNINITIALIZED_AUTOS = YES_AGGRESSIVE;
				GCC_WARN_UNUSED_FUNCTION = YES;
				GCC_WARN_UNUSED_VARIABLE = YES;
				IPHONEOS_DEPLOYMENT_TARGET = 18.0;
				LOCALIZATION_PREFERS_STRING_CATALOGS = YES;
				MTL_ENABLE_DEBUG_INFO = NO;
				MTL_FAST_MATH = YES;
				SDKROOT = iphoneos;
				SWIFT_COMPILATION_MODE = wholemodule;
				VALIDATE_PRODUCT = YES;
			};
			name = Release;
		};
		645A65E42CE1B0B100173986 /* Debug */ = {
			isa = XCBuildConfiguration;
			buildSettings = {
				BUNDLE_LOADER = "$(TEST_HOST)";
				CODE_SIGN_STYLE = Automatic;
				CURRENT_PROJECT_VERSION = 1;
				GENERATE_INFOPLIST_FILE = YES;
				IPHONEOS_DEPLOYMENT_TARGET = 18.0;
				MARKETING_VERSION = 1.0;
				PRODUCT_BUNDLE_IDENTIFIER = example.UIKitCoordinatorTests;
				PRODUCT_NAME = "$(TARGET_NAME)";
				SWIFT_EMIT_LOC_STRINGS = NO;
				SWIFT_VERSION = 5.0;
				TARGETED_DEVICE_FAMILY = "1,2";
				TEST_HOST = "$(BUILT_PRODUCTS_DIR)/UIKitCoordinator.app/$(BUNDLE_EXECUTABLE_FOLDER_PATH)/UIKitCoordinator";
			};
			name = Debug;
		};
		645A65E52CE1B0B100173986 /* Release */ = {
			isa = XCBuildConfiguration;
			buildSettings = {
				BUNDLE_LOADER = "$(TEST_HOST)";
				CODE_SIGN_STYLE = Automatic;
				CURRENT_PROJECT_VERSION = 1;
				GENERATE_INFOPLIST_FILE = YES;
				IPHONEOS_DEPLOYMENT_TARGET = 18.0;
				MARKETING_VERSION = 1.0;
				PRODUCT_BUNDLE_IDENTIFIER = example.UIKitCoordinatorTests;
				PRODUCT_NAME = "$(TARGET_NAME)";
				SWIFT_EMIT_LOC_STRINGS = NO;
				SWIFT_VERSION = 5.0;
				TARGETED_DEVICE_FAMILY = "1,2";
				TEST_HOST = "$(BUILT_PRODUCTS_DIR)/UIKitCoordinator.app/$(BUNDLE_EXECUTABLE_FOLDER_PATH)/UIKitCoordinator";
			};
			name = Release;
		};
		645A65E72CE1B0B100173986 /* Debug */ = {
			isa = XCBuildConfiguration;
			buildSettings = {
				CODE_SIGN_STYLE = Automatic;
				CURRENT_PROJECT_VERSION = 1;
				GENERATE_INFOPLIST_FILE = YES;
				MARKETING_VERSION = 1.0;
				PRODUCT_BUNDLE_IDENTIFIER = example.UIKitCoordinatorUITests;
				PRODUCT_NAME = "$(TARGET_NAME)";
				SWIFT_EMIT_LOC_STRINGS = NO;
				SWIFT_VERSION = 5.0;
				TARGETED_DEVICE_FAMILY = "1,2";
				TEST_TARGET_NAME = UIKitCoordinator;
			};
			name = Debug;
		};
		645A65E82CE1B0B100173986 /* Release */ = {
			isa = XCBuildConfiguration;
			buildSettings = {
				CODE_SIGN_STYLE = Automatic;
				CURRENT_PROJECT_VERSION = 1;
				GENERATE_INFOPLIST_FILE = YES;
				MARKETING_VERSION = 1.0;
				PRODUCT_BUNDLE_IDENTIFIER = example.UIKitCoordinatorUITests;
				PRODUCT_NAME = "$(TARGET_NAME)";
				SWIFT_EMIT_LOC_STRINGS = NO;
				SWIFT_VERSION = 5.0;
				TARGETED_DEVICE_FAMILY = "1,2";
				TEST_TARGET_NAME = UIKitCoordinator;
			};
			name = Release;
		};
/* End XCBuildConfiguration section */

/* Begin XCConfigurationList section */
		645A65B02CE1B0AF00173986 /* Build configuration list for PBXProject "UIKitCoordinator" */ = {
			isa = XCConfigurationList;
			buildConfigurations = (
				645A65E12CE1B0B100173986 /* Debug */,
				645A65E22CE1B0B100173986 /* Release */,
			);
			defaultConfigurationIsVisible = 0;
			defaultConfigurationName = Release;
		};
		645A65DE2CE1B0B100173986 /* Build configuration list for PBXNativeTarget "UIKitCoordinator" */ = {
			isa = XCConfigurationList;
			buildConfigurations = (
				645A65DF2CE1B0B100173986 /* Debug */,
				645A65E02CE1B0B100173986 /* Release */,
			);
			defaultConfigurationIsVisible = 0;
			defaultConfigurationName = Release;
		};
		645A65E32CE1B0B100173986 /* Build configuration list for PBXNativeTarget "UIKitCoordinatorTests" */ = {
			isa = XCConfigurationList;
			buildConfigurations = (
				645A65E42CE1B0B100173986 /* Debug */,
				645A65E52CE1B0B100173986 /* Release */,
			);
			defaultConfigurationIsVisible = 0;
			defaultConfigurationName = Release;
		};
		645A65E62CE1B0B100173986 /* Build configuration list for PBXNativeTarget "UIKitCoordinatorUITests" */ = {
			isa = XCConfigurationList;
			buildConfigurations = (
				645A65E72CE1B0B100173986 /* Debug */,
				645A65E82CE1B0B100173986 /* Release */,
			);
			defaultConfigurationIsVisible = 0;
			defaultConfigurationName = Release;
		};
/* End XCConfigurationList section */
	};
	rootObject = 645A65AD2CE1B0AF00173986 /* Project object */;
}
