// !$*UTF8*$!
{
	archiveVersion = 1;
	classes = {
	};
	objectVersion = 56;
	objects = {

/* Begin PBXBuildFile section */
		1FE6F1C72CE7A4350008BC6A /* DeviceManagerr.swift in Sources */ = {isa = PBXBuildFile; fileRef = 1FE6F1C62CE7A4350008BC6A /* DeviceManagerr.swift */; };
		1FE6F1CA2CE7AA760008BC6A /* AuthRepository.swift in Sources */ = {isa = PBXBuildFile; fileRef = 1FE6F1C92CE7AA760008BC6A /* AuthRepository.swift */; };
		1FE6F1CD2CE7AB370008BC6A /* BaseResponse.swift in Sources */ = {isa = PBXBuildFile; fileRef = 1FE6F1CC2CE7AB370008BC6A /* BaseResponse.swift */; };
		1FE6F1D02CE7AF120008BC6A /* AuthRequest.swift in Sources */ = {isa = PBXBuildFile; fileRef = 1FE6F1CF2CE7AF120008BC6A /* AuthRequest.swift */; };
		1FE6F1D62CE8F02F0008BC6A /* UITabBarViewController.swift in Sources */ = {isa = PBXBuildFile; fileRef = 1FE6F1D42CE8F02F0008BC6A /* UITabBarViewController.swift */; };
		1FE6F1D72CE8F02F0008BC6A /* UITabBarViewController.xib in Resources */ = {isa = PBXBuildFile; fileRef = 1FE6F1D52CE8F02F0008BC6A /* UITabBarViewController.xib */; };
		1FE6F1DD2CE8F8E30008BC6A /* UIViewController+Extension.swift in Sources */ = {isa = PBXBuildFile; fileRef = 1FE6F1DC2CE8F8E30008BC6A /* UIViewController+Extension.swift */; };
		1FE6F1DF2CE8F98F0008BC6A /* LoadingView.swift in Sources */ = {isa = PBXBuildFile; fileRef = 1FE6F1DE2CE8F98F0008BC6A /* LoadingView.swift */; };
		3631865EE91EE2D3D9A23B9F /* Pods_UIKitCoordinatorTests.framework in Frameworks */ = {isa = PBXBuildFile; fileRef = 9787B59747D4C31615F65867 /* Pods_UIKitCoordinatorTests.framework */; };
		647875C72CE48E03007A804B /* NetworkService.swift in Sources */ = {isa = PBXBuildFile; fileRef = 647875C52CE48E03007A804B /* NetworkService.swift */; };
		647875CA2CE49CB6007A804B /* TestingRXViewController.swift in Sources */ = {isa = PBXBuildFile; fileRef = 647875C82CE49CB6007A804B /* TestingRXViewController.swift */; };
		647875CB2CE49CB6007A804B /* TestingRXViewController.xib in Resources */ = {isa = PBXBuildFile; fileRef = 647875C92CE49CB6007A804B /* TestingRXViewController.xib */; };
		647E3D152CE723AE00AA9795 /* UIButtonCapsule.swift in Sources */ = {isa = PBXBuildFile; fileRef = 647E3D142CE7239900AA9795 /* UIButtonCapsule.swift */; };
		647F05282CE33CF700DFF39A /* LaunchScreen.storyboard in Resources */ = {isa = PBXBuildFile; fileRef = 647F05122CE33CF700DFF39A /* LaunchScreen.storyboard */; };
		647F05292CE33CF700DFF39A /* Assets.xcassets in Resources */ = {isa = PBXBuildFile; fileRef = 647F05242CE33CF700DFF39A /* Assets.xcassets */; };
		647F052B2CE33CF700DFF39A /* AppDelegate.swift in Sources */ = {isa = PBXBuildFile; fileRef = 647F05102CE33CF700DFF39A /* AppDelegate.swift */; };
		647F052C2CE33CF700DFF39A /* SceneDelegate.swift in Sources */ = {isa = PBXBuildFile; fileRef = 647F05132CE33CF700DFF39A /* SceneDelegate.swift */; };
		647F052E2CE33CF700DFF39A /* AppCoordinator.swift in Sources */ = {isa = PBXBuildFile; fileRef = 647F051A2CE33CF700DFF39A /* AppCoordinator.swift */; };
		647F052F2CE33CF700DFF39A /* AuthCoordinator.swift in Sources */ = {isa = PBXBuildFile; fileRef = 647F051B2CE33CF700DFF39A /* AuthCoordinator.swift */; };
		647F05302CE33CF700DFF39A /* Coordinator.swift in Sources */ = {isa = PBXBuildFile; fileRef = 647F051C2CE33CF700DFF39A /* Coordinator.swift */; };
		647F05312CE33CF700DFF39A /* LoginViewModel.swift in Sources */ = {isa = PBXBuildFile; fileRef = 647F05202CE33CF700DFF39A /* LoginViewModel.swift */; };
		647F05472CE34AEF00DFF39A /* BottomRoundedView.swift in Sources */ = {isa = PBXBuildFile; fileRef = 647F05462CE34AEF00DFF39A /* BottomRoundedView.swift */; };
		64DCFA732CE7454B00151C9A /* ApiEndpoint.swift in Sources */ = {isa = PBXBuildFile; fileRef = 64DCFA722CE7454100151C9A /* ApiEndpoint.swift */; };
		64DCFA752CE746BA00151C9A /* SessionManager.swift in Sources */ = {isa = PBXBuildFile; fileRef = 64DCFA742CE746BA00151C9A /* SessionManager.swift */; };
		64DCFA772CE7495000151C9A /* Constants.swift in Sources */ = {isa = PBXBuildFile; fileRef = 64DCFA762CE7494F00151C9A /* Constants.swift */; };
		64DCFA7E2CE74CD500151C9A /* KeychainManager.swift in Sources */ = {isa = PBXBuildFile; fileRef = 64DCFA7C2CE74CD500151C9A /* KeychainManager.swift */; };
		64FAC9B12CE7109700B7E228 /* LoginViewController.xib in Resources */ = {isa = PBXBuildFile; fileRef = 647F054D2CE3521B00DFF39A /* LoginViewController.xib */; };
		64FAC9B32CE71BCD00B7E228 /* LoginViewController.swift in Sources */ = {isa = PBXBuildFile; fileRef = 647F054C2CE3521B00DFF39A /* LoginViewController.swift */; };
		CBCECAF5A785439565BB9BDD /* Pods_UIKitCoordinator.framework in Frameworks */ = {isa = PBXBuildFile; fileRef = 8E023867B5CB76C9375CE1A2 /* Pods_UIKitCoordinator.framework */; };
		F96D9FE6461FFF4DDEA1CA0E /* Pods_UIKitCoordinator_UIKitCoordinatorUITests.framework in Frameworks */ = {isa = PBXBuildFile; fileRef = 3AB89D45CD6E7AB5C831ED2A /* Pods_UIKitCoordinator_UIKitCoordinatorUITests.framework */; };
/* End PBXBuildFile section */

/* Begin PBXContainerItemProxy section */
		645A65CC2CE1B0B100173986 /* PBXContainerItemProxy */ = {
			isa = PBXContainerItemProxy;
			containerPortal = 645A65AD2CE1B0AF00173986 /* Project object */;
			proxyType = 1;
			remoteGlobalIDString = 645A65B42CE1B0AF00173986;
			remoteInfo = UIKitCoordinator;
		};
		645A65D62CE1B0B100173986 /* PBXContainerItemProxy */ = {
			isa = PBXContainerItemProxy;
			containerPortal = 645A65AD2CE1B0AF00173986 /* Project object */;
			proxyType = 1;
			remoteGlobalIDString = 645A65B42CE1B0AF00173986;
			remoteInfo = UIKitCoordinator;
		};
/* End PBXContainerItemProxy section */

/* Begin PBXFileReference section */
		087DE1527C47467EC9746B97 /* Pods-UIKitCoordinator-UIKitCoordinatorUITests.release.xcconfig */ = {isa = PBXFileReference; includeInIndex = 1; lastKnownFileType = text.xcconfig; name = "Pods-UIKitCoordinator-UIKitCoordinatorUITests.release.xcconfig"; path = "Target Support Files/Pods-UIKitCoordinator-UIKitCoordinatorUITests/Pods-UIKitCoordinator-UIKitCoordinatorUITests.release.xcconfig"; sourceTree = "<group>"; };
		0E2D0A3728F9251C1347F4D6 /* Pods-UIKitCoordinator-UIKitCoordinatorUITests.debug.xcconfig */ = {isa = PBXFileReference; includeInIndex = 1; lastKnownFileType = text.xcconfig; name = "Pods-UIKitCoordinator-UIKitCoordinatorUITests.debug.xcconfig"; path = "Target Support Files/Pods-UIKitCoordinator-UIKitCoordinatorUITests/Pods-UIKitCoordinator-UIKitCoordinatorUITests.debug.xcconfig"; sourceTree = "<group>"; };
		1FE6F1C62CE7A4350008BC6A /* DeviceManagerr.swift */ = {isa = PBXFileReference; lastKnownFileType = sourcecode.swift; path = DeviceManagerr.swift; sourceTree = "<group>"; };
		1FE6F1C92CE7AA760008BC6A /* AuthRepository.swift */ = {isa = PBXFileReference; lastKnownFileType = sourcecode.swift; path = AuthRepository.swift; sourceTree = "<group>"; };
		1FE6F1CC2CE7AB370008BC6A /* BaseResponse.swift */ = {isa = PBXFileReference; lastKnownFileType = sourcecode.swift; path = BaseResponse.swift; sourceTree = "<group>"; };
		1FE6F1CF2CE7AF120008BC6A /* AuthRequest.swift */ = {isa = PBXFileReference; lastKnownFileType = sourcecode.swift; path = AuthRequest.swift; sourceTree = "<group>"; };
		1FE6F1D42CE8F02F0008BC6A /* UITabBarViewController.swift */ = {isa = PBXFileReference; lastKnownFileType = sourcecode.swift; path = UITabBarViewController.swift; sourceTree = "<group>"; };
		1FE6F1D52CE8F02F0008BC6A /* UITabBarViewController.xib */ = {isa = PBXFileReference; lastKnownFileType = file.xib; path = UITabBarViewController.xib; sourceTree = "<group>"; };
		1FE6F1DC2CE8F8E30008BC6A /* UIViewController+Extension.swift */ = {isa = PBXFileReference; lastKnownFileType = sourcecode.swift; path = "UIViewController+Extension.swift"; sourceTree = "<group>"; };
		1FE6F1DE2CE8F98F0008BC6A /* LoadingView.swift */ = {isa = PBXFileReference; lastKnownFileType = sourcecode.swift; path = LoadingView.swift; sourceTree = "<group>"; };
		3AB89D45CD6E7AB5C831ED2A /* Pods_UIKitCoordinator_UIKitCoordinatorUITests.framework */ = {isa = PBXFileReference; explicitFileType = wrapper.framework; includeInIndex = 0; path = Pods_UIKitCoordinator_UIKitCoordinatorUITests.framework; sourceTree = BUILT_PRODUCTS_DIR; };
		541127D30F78FF6E8C722E14 /* Pods-UIKitCoordinatorTests.release.xcconfig */ = {isa = PBXFileReference; includeInIndex = 1; lastKnownFileType = text.xcconfig; name = "Pods-UIKitCoordinatorTests.release.xcconfig"; path = "Target Support Files/Pods-UIKitCoordinatorTests/Pods-UIKitCoordinatorTests.release.xcconfig"; sourceTree = "<group>"; };
		61C1CBE310301229844FADE3 /* Pods-UIKitCoordinator.debug.xcconfig */ = {isa = PBXFileReference; includeInIndex = 1; lastKnownFileType = text.xcconfig; name = "Pods-UIKitCoordinator.debug.xcconfig"; path = "Target Support Files/Pods-UIKitCoordinator/Pods-UIKitCoordinator.debug.xcconfig"; sourceTree = "<group>"; };
		645A65B52CE1B0AF00173986 /* UIKitCoordinator.app */ = {isa = PBXFileReference; explicitFileType = wrapper.application; includeInIndex = 0; path = UIKitCoordinator.app; sourceTree = BUILT_PRODUCTS_DIR; };
		645A65CB2CE1B0B100173986 /* UIKitCoordinatorTests.xctest */ = {isa = PBXFileReference; explicitFileType = wrapper.cfbundle; includeInIndex = 0; path = UIKitCoordinatorTests.xctest; sourceTree = BUILT_PRODUCTS_DIR; };
		645A65D52CE1B0B100173986 /* UIKitCoordinatorUITests.xctest */ = {isa = PBXFileReference; explicitFileType = wrapper.cfbundle; includeInIndex = 0; path = UIKitCoordinatorUITests.xctest; sourceTree = BUILT_PRODUCTS_DIR; };
		647875C52CE48E03007A804B /* NetworkService.swift */ = {isa = PBXFileReference; lastKnownFileType = sourcecode.swift; path = NetworkService.swift; sourceTree = "<group>"; };
		647875C82CE49CB6007A804B /* TestingRXViewController.swift */ = {isa = PBXFileReference; lastKnownFileType = sourcecode.swift; path = TestingRXViewController.swift; sourceTree = "<group>"; };
		647875C92CE49CB6007A804B /* TestingRXViewController.xib */ = {isa = PBXFileReference; lastKnownFileType = file.xib; path = TestingRXViewController.xib; sourceTree = "<group>"; };
		647E3D142CE7239900AA9795 /* UIButtonCapsule.swift */ = {isa = PBXFileReference; lastKnownFileType = sourcecode.swift; path = UIButtonCapsule.swift; sourceTree = "<group>"; };
		647F05102CE33CF700DFF39A /* AppDelegate.swift */ = {isa = PBXFileReference; lastKnownFileType = sourcecode.swift; path = AppDelegate.swift; sourceTree = "<group>"; };
		647F05112CE33CF700DFF39A /* Base */ = {isa = PBXFileReference; lastKnownFileType = file.storyboard; name = Base; path = Base.lproj/LaunchScreen.storyboard; sourceTree = "<group>"; };
		647F05132CE33CF700DFF39A /* SceneDelegate.swift */ = {isa = PBXFileReference; lastKnownFileType = sourcecode.swift; path = SceneDelegate.swift; sourceTree = "<group>"; };
		647F051A2CE33CF700DFF39A /* AppCoordinator.swift */ = {isa = PBXFileReference; lastKnownFileType = sourcecode.swift; path = AppCoordinator.swift; sourceTree = "<group>"; };
		647F051B2CE33CF700DFF39A /* AuthCoordinator.swift */ = {isa = PBXFileReference; lastKnownFileType = sourcecode.swift; path = AuthCoordinator.swift; sourceTree = "<group>"; };
		647F051C2CE33CF700DFF39A /* Coordinator.swift */ = {isa = PBXFileReference; lastKnownFileType = sourcecode.swift; path = Coordinator.swift; sourceTree = "<group>"; };
		647F05202CE33CF700DFF39A /* LoginViewModel.swift */ = {isa = PBXFileReference; lastKnownFileType = sourcecode.swift; path = LoginViewModel.swift; sourceTree = "<group>"; };
		647F05242CE33CF700DFF39A /* Assets.xcassets */ = {isa = PBXFileReference; lastKnownFileType = folder.assetcatalog; path = Assets.xcassets; sourceTree = "<group>"; };
		647F05252CE33CF700DFF39A /* Info.plist */ = {isa = PBXFileReference; lastKnownFileType = text.plist.xml; path = Info.plist; sourceTree = "<group>"; };
		647F05462CE34AEF00DFF39A /* BottomRoundedView.swift */ = {isa = PBXFileReference; lastKnownFileType = sourcecode.swift; path = BottomRoundedView.swift; sourceTree = "<group>"; };
		647F054C2CE3521B00DFF39A /* LoginViewController.swift */ = {isa = PBXFileReference; lastKnownFileType = sourcecode.swift; path = LoginViewController.swift; sourceTree = "<group>"; };
		647F054D2CE3521B00DFF39A /* LoginViewController.xib */ = {isa = PBXFileReference; lastKnownFileType = file.xib; path = LoginViewController.xib; sourceTree = "<group>"; };
		64DCFA722CE7454100151C9A /* ApiEndpoint.swift */ = {isa = PBXFileReference; lastKnownFileType = sourcecode.swift; path = ApiEndpoint.swift; sourceTree = "<group>"; };
		64DCFA742CE746BA00151C9A /* SessionManager.swift */ = {isa = PBXFileReference; lastKnownFileType = sourcecode.swift; path = SessionManager.swift; sourceTree = "<group>"; };
		64DCFA762CE7494F00151C9A /* Constants.swift */ = {isa = PBXFileReference; lastKnownFileType = sourcecode.swift; path = Constants.swift; sourceTree = "<group>"; };
		64DCFA7C2CE74CD500151C9A /* KeychainManager.swift */ = {isa = PBXFileReference; lastKnownFileType = sourcecode.swift; path = KeychainManager.swift; sourceTree = "<group>"; };
		6BF3469DD503901159C84A3A /* Pods-UIKitCoordinatorTests.debug.xcconfig */ = {isa = PBXFileReference; includeInIndex = 1; lastKnownFileType = text.xcconfig; name = "Pods-UIKitCoordinatorTests.debug.xcconfig"; path = "Target Support Files/Pods-UIKitCoordinatorTests/Pods-UIKitCoordinatorTests.debug.xcconfig"; sourceTree = "<group>"; };
		8E023867B5CB76C9375CE1A2 /* Pods_UIKitCoordinator.framework */ = {isa = PBXFileReference; explicitFileType = wrapper.framework; includeInIndex = 0; path = Pods_UIKitCoordinator.framework; sourceTree = BUILT_PRODUCTS_DIR; };
		9787B59747D4C31615F65867 /* Pods_UIKitCoordinatorTests.framework */ = {isa = PBXFileReference; explicitFileType = wrapper.framework; includeInIndex = 0; path = Pods_UIKitCoordinatorTests.framework; sourceTree = BUILT_PRODUCTS_DIR; };
		DB27DEEB1F455905D16E978F /* Pods-UIKitCoordinator.release.xcconfig */ = {isa = PBXFileReference; includeInIndex = 1; lastKnownFileType = text.xcconfig; name = "Pods-UIKitCoordinator.release.xcconfig"; path = "Target Support Files/Pods-UIKitCoordinator/Pods-UIKitCoordinator.release.xcconfig"; sourceTree = "<group>"; };
/* End PBXFileReference section */

/* Begin PBXFrameworksBuildPhase section */
		645A65B22CE1B0AF00173986 /* Frameworks */ = {
			isa = PBXFrameworksBuildPhase;
			buildActionMask = 2147483647;
			files = (
				CBCECAF5A785439565BB9BDD /* Pods_UIKitCoordinator.framework in Frameworks */,
			);
			runOnlyForDeploymentPostprocessing = 0;
		};
		645A65C82CE1B0B100173986 /* Frameworks */ = {
			isa = PBXFrameworksBuildPhase;
			buildActionMask = 2147483647;
			files = (
				3631865EE91EE2D3D9A23B9F /* Pods_UIKitCoordinatorTests.framework in Frameworks */,
			);
			runOnlyForDeploymentPostprocessing = 0;
		};
		645A65D22CE1B0B100173986 /* Frameworks */ = {
			isa = PBXFrameworksBuildPhase;
			buildActionMask = 2147483647;
			files = (
				F96D9FE6461FFF4DDEA1CA0E /* Pods_UIKitCoordinator_UIKitCoordinatorUITests.framework in Frameworks */,
			);
			runOnlyForDeploymentPostprocessing = 0;
		};
/* End PBXFrameworksBuildPhase section */

/* Begin PBXGroup section */
		15D8D06B05FB3985910BD700 /* Pods */ = {
			isa = PBXGroup;
			children = (
				61C1CBE310301229844FADE3 /* Pods-UIKitCoordinator.debug.xcconfig */,
				DB27DEEB1F455905D16E978F /* Pods-UIKitCoordinator.release.xcconfig */,
				0E2D0A3728F9251C1347F4D6 /* Pods-UIKitCoordinator-UIKitCoordinatorUITests.debug.xcconfig */,
				087DE1527C47467EC9746B97 /* Pods-UIKitCoordinator-UIKitCoordinatorUITests.release.xcconfig */,
				6BF3469DD503901159C84A3A /* Pods-UIKitCoordinatorTests.debug.xcconfig */,
				541127D30F78FF6E8C722E14 /* Pods-UIKitCoordinatorTests.release.xcconfig */,
			);
			path = Pods;
			sourceTree = "<group>";
		};
		1FE6F1C82CE7AA610008BC6A /* Repository */ = {
			isa = PBXGroup;
			children = (
				1FE6F1C92CE7AA760008BC6A /* AuthRepository.swift */,
				1FE6F1CE2CE7AF010008BC6A /* Models */,
			);
			path = Repository;
			sourceTree = "<group>";
		};
		1FE6F1CB2CE7AB280008BC6A /* Models */ = {
			isa = PBXGroup;
			children = (
				1FE6F1CC2CE7AB370008BC6A /* BaseResponse.swift */,
			);
			path = Models;
			sourceTree = "<group>";
		};
		1FE6F1CE2CE7AF010008BC6A /* Models */ = {
			isa = PBXGroup;
			children = (
				1FE6F1CF2CE7AF120008BC6A /* AuthRequest.swift */,
			);
			path = Models;
			sourceTree = "<group>";
		};
		1FE6F1D32CE8EFCE0008BC6A /* Tabbar */ = {
			isa = PBXGroup;
			children = (
				1FE6F1D42CE8F02F0008BC6A /* UITabBarViewController.swift */,
				1FE6F1D52CE8F02F0008BC6A /* UITabBarViewController.xib */,
			);
			path = Tabbar;
			sourceTree = "<group>";
		};
		44E8292536C773354D6CE2D4 /* Frameworks */ = {
			isa = PBXGroup;
			children = (
				8E023867B5CB76C9375CE1A2 /* Pods_UIKitCoordinator.framework */,
				3AB89D45CD6E7AB5C831ED2A /* Pods_UIKitCoordinator_UIKitCoordinatorUITests.framework */,
				9787B59747D4C31615F65867 /* Pods_UIKitCoordinatorTests.framework */,
			);
			name = Frameworks;
			sourceTree = "<group>";
		};
		645A65AC2CE1B0AF00173986 = {
			isa = PBXGroup;
			children = (
				647F05272CE33CF700DFF39A /* UIKitCoordinator */,
				647F053B2CE33D2D00DFF39A /* UIKitCoordinatorTests */,
				647F053F2CE33D3100DFF39A /* UIKitCoordinatorUITests */,
				645A65B62CE1B0AF00173986 /* Products */,
				15D8D06B05FB3985910BD700 /* Pods */,
				44E8292536C773354D6CE2D4 /* Frameworks */,
			);
			sourceTree = "<group>";
		};
		645A65B62CE1B0AF00173986 /* Products */ = {
			isa = PBXGroup;
			children = (
				645A65B52CE1B0AF00173986 /* UIKitCoordinator.app */,
				645A65CB2CE1B0B100173986 /* UIKitCoordinatorTests.xctest */,
				645A65D52CE1B0B100173986 /* UIKitCoordinatorUITests.xctest */,
			);
			name = Products;
			sourceTree = "<group>";
		};
		646A7CDB2CE4801B0003E2AD /* TestingRX */ = {
			isa = PBXGroup;
			children = (
				647875C82CE49CB6007A804B /* TestingRXViewController.swift */,
				647875C92CE49CB6007A804B /* TestingRXViewController.xib */,
			);
			path = TestingRX;
			sourceTree = "<group>";
		};
		646A7CE52CE4890C0003E2AD /* Data */ = {
			isa = PBXGroup;
			children = (
				1FE6F1C82CE7AA610008BC6A /* Repository */,
				64DCFA7D2CE74CD500151C9A /* Local */,
				647875C62CE48E03007A804B /* Network */,
			);
			path = Data;
			sourceTree = "<group>";
		};
		647875C62CE48E03007A804B /* Network */ = {
			isa = PBXGroup;
			children = (
				64DCFA722CE7454100151C9A /* ApiEndpoint.swift */,
				647875C52CE48E03007A804B /* NetworkService.swift */,
				64DCFA742CE746BA00151C9A /* SessionManager.swift */,
			);
			path = Network;
			sourceTree = "<group>";
		};
		647F05152CE33CF700DFF39A /* App */ = {
			isa = PBXGroup;
			children = (
				647F05102CE33CF700DFF39A /* AppDelegate.swift */,
				647F05122CE33CF700DFF39A /* LaunchScreen.storyboard */,
				647F05132CE33CF700DFF39A /* SceneDelegate.swift */,
			);
			path = App;
			sourceTree = "<group>";
		};
		647F05162CE33CF700DFF39A /* Extensions */ = {
			isa = PBXGroup;
			children = (
				1FE6F1DC2CE8F8E30008BC6A /* UIViewController+Extension.swift */,
			);
			path = Extensions;
			sourceTree = "<group>";
		};
		647F05172CE33CF700DFF39A /* Helpers */ = {
			isa = PBXGroup;
			children = (
				64DCFA762CE7494F00151C9A /* Constants.swift */,
				1FE6F1C62CE7A4350008BC6A /* DeviceManagerr.swift */,
			);
			path = Helpers;
			sourceTree = "<group>";
		};
		647F05182CE33CF700DFF39A /* Views */ = {
			isa = PBXGroup;
			children = (
				647E3D142CE7239900AA9795 /* UIButtonCapsule.swift */,
				647F05462CE34AEF00DFF39A /* BottomRoundedView.swift */,
				1FE6F1DE2CE8F98F0008BC6A /* LoadingView.swift */,
			);
			path = Views;
			sourceTree = "<group>";
		};
		647F05192CE33CF700DFF39A /* Common */ = {
			isa = PBXGroup;
			children = (
				649CCE0F2CE5A7CB0055A7E6 /* Fonts */,
				647F05162CE33CF700DFF39A /* Extensions */,
				647F05172CE33CF700DFF39A /* Helpers */,
				647F05182CE33CF700DFF39A /* Views */,
			);
			path = Common;
			sourceTree = "<group>";
		};
		647F051D2CE33CF700DFF39A /* Coordinators */ = {
			isa = PBXGroup;
			children = (
				647F051A2CE33CF700DFF39A /* AppCoordinator.swift */,
				647F051B2CE33CF700DFF39A /* AuthCoordinator.swift */,
				647F051C2CE33CF700DFF39A /* Coordinator.swift */,
			);
			path = Coordinators;
			sourceTree = "<group>";
		};
		647F051E2CE33CF700DFF39A /* Model */ = {
			isa = PBXGroup;
			children = (
			);
			path = Model;
			sourceTree = "<group>";
		};
		647F051F2CE33CF700DFF39A /* ViewController */ = {
			isa = PBXGroup;
			children = (
				647F054C2CE3521B00DFF39A /* LoginViewController.swift */,
				647F054D2CE3521B00DFF39A /* LoginViewController.xib */,
			);
			path = ViewController;
			sourceTree = "<group>";
		};
		647F05212CE33CF700DFF39A /* ViewModel */ = {
			isa = PBXGroup;
			children = (
				647F05202CE33CF700DFF39A /* LoginViewModel.swift */,
			);
			path = ViewModel;
			sourceTree = "<group>";
		};
		647F05222CE33CF700DFF39A /* Login */ = {
			isa = PBXGroup;
			children = (
				647F051E2CE33CF700DFF39A /* Model */,
				647F051F2CE33CF700DFF39A /* ViewController */,
				647F05212CE33CF700DFF39A /* ViewModel */,
			);
			path = Login;
			sourceTree = "<group>";
		};
		647F05232CE33CF700DFF39A /* Modules */ = {
			isa = PBXGroup;
			children = (
				1FE6F1D32CE8EFCE0008BC6A /* Tabbar */,
				646A7CDB2CE4801B0003E2AD /* TestingRX */,
				647F05222CE33CF700DFF39A /* Login */,
			);
			path = Modules;
			sourceTree = "<group>";
		};
		647F05262CE33CF700DFF39A /* Resources */ = {
			isa = PBXGroup;
			children = (
				647F05242CE33CF700DFF39A /* Assets.xcassets */,
				647F05252CE33CF700DFF39A /* Info.plist */,
			);
			path = Resources;
			sourceTree = "<group>";
		};
		647F05272CE33CF700DFF39A /* UIKitCoordinator */ = {
			isa = PBXGroup;
			children = (
				1FE6F1CB2CE7AB280008BC6A /* Models */,
				646A7CE52CE4890C0003E2AD /* Data */,
				647F05152CE33CF700DFF39A /* App */,
				647F05192CE33CF700DFF39A /* Common */,
				647F051D2CE33CF700DFF39A /* Coordinators */,
				647F05232CE33CF700DFF39A /* Modules */,
				647F05262CE33CF700DFF39A /* Resources */,
			);
			path = UIKitCoordinator;
			sourceTree = "<group>";
		};
		647F053B2CE33D2D00DFF39A /* UIKitCoordinatorTests */ = {
			isa = PBXGroup;
			children = (
			);
			path = UIKitCoordinatorTests;
			sourceTree = "<group>";
		};
		647F053F2CE33D3100DFF39A /* UIKitCoordinatorUITests */ = {
			isa = PBXGroup;
			children = (
			);
			path = UIKitCoordinatorUITests;
			sourceTree = "<group>";
		};
		649CCE0F2CE5A7CB0055A7E6 /* Fonts */ = {
			isa = PBXGroup;
			children = (
			);
			path = Fonts;
			sourceTree = "<group>";
		};
		64DCFA7D2CE74CD500151C9A /* Local */ = {
			isa = PBXGroup;
			children = (
				64DCFA7C2CE74CD500151C9A /* KeychainManager.swift */,
			);
			path = Local;
			sourceTree = "<group>";
		};
/* End PBXGroup section */

/* Begin PBXNativeTarget section */
		645A65B42CE1B0AF00173986 /* UIKitCoordinator */ = {
			isa = PBXNativeTarget;
			buildConfigurationList = 645A65DE2CE1B0B100173986 /* Build configuration list for PBXNativeTarget "UIKitCoordinator" */;
			buildPhases = (
				FA6F707730F640F148082C18 /* [CP] Check Pods Manifest.lock */,
				645A65B12CE1B0AF00173986 /* Sources */,
				645A65B22CE1B0AF00173986 /* Frameworks */,
				645A65B32CE1B0AF00173986 /* Resources */,
				6A0B5A98B8B05218697DF6A9 /* [CP] Embed Pods Frameworks */,
			);
			buildRules = (
			);
			dependencies = (
			);
			name = UIKitCoordinator;
			productName = UIKitCoordinator;
			productReference = 645A65B52CE1B0AF00173986 /* UIKitCoordinator.app */;
			productType = "com.apple.product-type.application";
		};
		645A65CA2CE1B0B100173986 /* UIKitCoordinatorTests */ = {
			isa = PBXNativeTarget;
			buildConfigurationList = 645A65E32CE1B0B100173986 /* Build configuration list for PBXNativeTarget "UIKitCoordinatorTests" */;
			buildPhases = (
				A175C3AA2FC01AF884AE15BC /* [CP] Check Pods Manifest.lock */,
				645A65C72CE1B0B100173986 /* Sources */,
				645A65C82CE1B0B100173986 /* Frameworks */,
				645A65C92CE1B0B100173986 /* Resources */,
			);
			buildRules = (
			);
			dependencies = (
				645A65CD2CE1B0B100173986 /* PBXTargetDependency */,
			);
			name = UIKitCoordinatorTests;
			productName = UIKitCoordinatorTests;
			productReference = 645A65CB2CE1B0B100173986 /* UIKitCoordinatorTests.xctest */;
			productType = "com.apple.product-type.bundle.unit-test";
		};
		645A65D42CE1B0B100173986 /* UIKitCoordinatorUITests */ = {
			isa = PBXNativeTarget;
			buildConfigurationList = 645A65E62CE1B0B100173986 /* Build configuration list for PBXNativeTarget "UIKitCoordinatorUITests" */;
			buildPhases = (
				29A11A65BD5169C0407AB4BC /* [CP] Check Pods Manifest.lock */,
				645A65D12CE1B0B100173986 /* Sources */,
				645A65D22CE1B0B100173986 /* Frameworks */,
				645A65D32CE1B0B100173986 /* Resources */,
				64C1AFB1166EDB8DABEE3F8A /* [CP] Embed Pods Frameworks */,
			);
			buildRules = (
			);
			dependencies = (
				645A65D72CE1B0B100173986 /* PBXTargetDependency */,
			);
			name = UIKitCoordinatorUITests;
			productName = UIKitCoordinatorUITests;
			productReference = 645A65D52CE1B0B100173986 /* UIKitCoordinatorUITests.xctest */;
			productType = "com.apple.product-type.bundle.ui-testing";
		};
/* End PBXNativeTarget section */

/* Begin PBXProject section */
		645A65AD2CE1B0AF00173986 /* Project object */ = {
			isa = PBXProject;
			attributes = {
				BuildIndependentTargetsInParallel = 1;
				LastSwiftUpdateCheck = 1600;
				LastUpgradeCheck = 1600;
				TargetAttributes = {
					645A65B42CE1B0AF00173986 = {
						CreatedOnToolsVersion = 16.0;
					};
					645A65CA2CE1B0B100173986 = {
						CreatedOnToolsVersion = 16.0;
						TestTargetID = 645A65B42CE1B0AF00173986;
					};
					645A65D42CE1B0B100173986 = {
						CreatedOnToolsVersion = 16.0;
						TestTargetID = 645A65B42CE1B0AF00173986;
					};
				};
			};
			buildConfigurationList = 645A65B02CE1B0AF00173986 /* Build configuration list for PBXProject "UIKitCoordinator" */;
			compatibilityVersion = "Xcode 14.0";
			developmentRegion = en;
			hasScannedForEncodings = 0;
			knownRegions = (
				en,
				Base,
			);
			mainGroup = 645A65AC2CE1B0AF00173986;
			productRefGroup = 645A65B62CE1B0AF00173986 /* Products */;
			projectDirPath = "";
			projectRoot = "";
			targets = (
				645A65B42CE1B0AF00173986 /* UIKitCoordinator */,
				645A65CA2CE1B0B100173986 /* UIKitCoordinatorTests */,
				645A65D42CE1B0B100173986 /* UIKitCoordinatorUITests */,
			);
		};
/* End PBXProject section */

/* Begin PBXResourcesBuildPhase section */
		645A65B32CE1B0AF00173986 /* Resources */ = {
			isa = PBXResourcesBuildPhase;
			buildActionMask = 2147483647;
			files = (
				64FAC9B12CE7109700B7E228 /* LoginViewController.xib in Resources */,
				647F05282CE33CF700DFF39A /* LaunchScreen.storyboard in Resources */,
				647F05292CE33CF700DFF39A /* Assets.xcassets in Resources */,
				1FE6F1D72CE8F02F0008BC6A /* UITabBarViewController.xib in Resources */,
				647875CB2CE49CB6007A804B /* TestingRXViewController.xib in Resources */,
			);
			runOnlyForDeploymentPostprocessing = 0;
		};
		645A65C92CE1B0B100173986 /* Resources */ = {
			isa = PBXResourcesBuildPhase;
			buildActionMask = 2147483647;
			files = (
			);
			runOnlyForDeploymentPostprocessing = 0;
		};
		645A65D32CE1B0B100173986 /* Resources */ = {
			isa = PBXResourcesBuildPhase;
			buildActionMask = 2147483647;
			files = (
			);
			runOnlyForDeploymentPostprocessing = 0;
		};
/* End PBXResourcesBuildPhase section */

/* Begin PBXShellScriptBuildPhase section */
		29A11A65BD5169C0407AB4BC /* [CP] Check Pods Manifest.lock */ = {
			isa = PBXShellScriptBuildPhase;
			buildActionMask = 2147483647;
			files = (
			);
			inputFileListPaths = (
			);
			inputPaths = (
				"${PODS_PODFILE_DIR_PATH}/Podfile.lock",
				"${PODS_ROOT}/Manifest.lock",
			);
			name = "[CP] Check Pods Manifest.lock";
			outputFileListPaths = (
			);
			outputPaths = (
				"$(DERIVED_FILE_DIR)/Pods-UIKitCoordinator-UIKitCoordinatorUITests-checkManifestLockResult.txt",
			);
			runOnlyForDeploymentPostprocessing = 0;
			shellPath = /bin/sh;
			shellScript = "diff \"${PODS_PODFILE_DIR_PATH}/Podfile.lock\" \"${PODS_ROOT}/Manifest.lock\" > /dev/null\nif [ $? != 0 ] ; then\n    # print error to STDERR\n    echo \"error: The sandbox is not in sync with the Podfile.lock. Run 'pod install' or update your CocoaPods installation.\" >&2\n    exit 1\nfi\n# This output is used by Xcode 'outputs' to avoid re-running this script phase.\necho \"SUCCESS\" > \"${SCRIPT_OUTPUT_FILE_0}\"\n";
			showEnvVarsInLog = 0;
		};
		64C1AFB1166EDB8DABEE3F8A /* [CP] Embed Pods Frameworks */ = {
			isa = PBXShellScriptBuildPhase;
			buildActionMask = 2147483647;
			files = (
			);
			inputFileListPaths = (
				"${PODS_ROOT}/Target Support Files/Pods-UIKitCoordinator-UIKitCoordinatorUITests/Pods-UIKitCoordinator-UIKitCoordinatorUITests-frameworks-${CONFIGURATION}-input-files.xcfilelist",
			);
			name = "[CP] Embed Pods Frameworks";
			outputFileListPaths = (
				"${PODS_ROOT}/Target Support Files/Pods-UIKitCoordinator-UIKitCoordinatorUITests/Pods-UIKitCoordinator-UIKitCoordinatorUITests-frameworks-${CONFIGURATION}-output-files.xcfilelist",
			);
			runOnlyForDeploymentPostprocessing = 0;
			shellPath = /bin/sh;
			shellScript = "\"${PODS_ROOT}/Target Support Files/Pods-UIKitCoordinator-UIKitCoordinatorUITests/Pods-UIKitCoordinator-UIKitCoordinatorUITests-frameworks.sh\"\n";
			showEnvVarsInLog = 0;
		};
		6A0B5A98B8B05218697DF6A9 /* [CP] Embed Pods Frameworks */ = {
			isa = PBXShellScriptBuildPhase;
			buildActionMask = 2147483647;
			files = (
			);
			inputFileListPaths = (
				"${PODS_ROOT}/Target Support Files/Pods-UIKitCoordinator/Pods-UIKitCoordinator-frameworks-${CONFIGURATION}-input-files.xcfilelist",
			);
			name = "[CP] Embed Pods Frameworks";
			outputFileListPaths = (
				"${PODS_ROOT}/Target Support Files/Pods-UIKitCoordinator/Pods-UIKitCoordinator-frameworks-${CONFIGURATION}-output-files.xcfilelist",
			);
			runOnlyForDeploymentPostprocessing = 0;
			shellPath = /bin/sh;
			shellScript = "\"${PODS_ROOT}/Target Support Files/Pods-UIKitCoordinator/Pods-UIKitCoordinator-frameworks.sh\"\n";
			showEnvVarsInLog = 0;
		};
		A175C3AA2FC01AF884AE15BC /* [CP] Check Pods Manifest.lock */ = {
			isa = PBXShellScriptBuildPhase;
			buildActionMask = 2147483647;
			files = (
			);
			inputFileListPaths = (
			);
			inputPaths = (
				"${PODS_PODFILE_DIR_PATH}/Podfile.lock",
				"${PODS_ROOT}/Manifest.lock",
			);
			name = "[CP] Check Pods Manifest.lock";
			outputFileListPaths = (
			);
			outputPaths = (
				"$(DERIVED_FILE_DIR)/Pods-UIKitCoordinatorTests-checkManifestLockResult.txt",
			);
			runOnlyForDeploymentPostprocessing = 0;
			shellPath = /bin/sh;
			shellScript = "diff \"${PODS_PODFILE_DIR_PATH}/Podfile.lock\" \"${PODS_ROOT}/Manifest.lock\" > /dev/null\nif [ $? != 0 ] ; then\n    # print error to STDERR\n    echo \"error: The sandbox is not in sync with the Podfile.lock. Run 'pod install' or update your CocoaPods installation.\" >&2\n    exit 1\nfi\n# This output is used by Xcode 'outputs' to avoid re-running this script phase.\necho \"SUCCESS\" > \"${SCRIPT_OUTPUT_FILE_0}\"\n";
			showEnvVarsInLog = 0;
		};
		FA6F707730F640F148082C18 /* [CP] Check Pods Manifest.lock */ = {
			isa = PBXShellScriptBuildPhase;
			buildActionMask = 2147483647;
			files = (
			);
			inputFileListPaths = (
			);
			inputPaths = (
				"${PODS_PODFILE_DIR_PATH}/Podfile.lock",
				"${PODS_ROOT}/Manifest.lock",
			);
			name = "[CP] Check Pods Manifest.lock";
			outputFileListPaths = (
			);
			outputPaths = (
				"$(DERIVED_FILE_DIR)/Pods-UIKitCoordinator-checkManifestLockResult.txt",
			);
			runOnlyForDeploymentPostprocessing = 0;
			shellPath = /bin/sh;
			shellScript = "diff \"${PODS_PODFILE_DIR_PATH}/Podfile.lock\" \"${PODS_ROOT}/Manifest.lock\" > /dev/null\nif [ $? != 0 ] ; then\n    # print error to STDERR\n    echo \"error: The sandbox is not in sync with the Podfile.lock. Run 'pod install' or update your CocoaPods installation.\" >&2\n    exit 1\nfi\n# This output is used by Xcode 'outputs' to avoid re-running this script phase.\necho \"SUCCESS\" > \"${SCRIPT_OUTPUT_FILE_0}\"\n";
			showEnvVarsInLog = 0;
		};
/* End PBXShellScriptBuildPhase section */

/* Begin PBXSourcesBuildPhase section */
		645A65B12CE1B0AF00173986 /* Sources */ = {
			isa = PBXSourcesBuildPhase;
			buildActionMask = 2147483647;
			files = (
				647E3D152CE723AE00AA9795 /* UIButtonCapsule.swift in Sources */,
				647875CA2CE49CB6007A804B /* TestingRXViewController.swift in Sources */,
				647F052B2CE33CF700DFF39A /* AppDelegate.swift in Sources */,
				1FE6F1DF2CE8F98F0008BC6A /* LoadingView.swift in Sources */,
				647F052C2CE33CF700DFF39A /* SceneDelegate.swift in Sources */,
				64DCFA7E2CE74CD500151C9A /* KeychainManager.swift in Sources */,
				647F05472CE34AEF00DFF39A /* BottomRoundedView.swift in Sources */,
				647875C72CE48E03007A804B /* NetworkService.swift in Sources */,
				647F052E2CE33CF700DFF39A /* AppCoordinator.swift in Sources */,
				647F052F2CE33CF700DFF39A /* AuthCoordinator.swift in Sources */,
				1FE6F1CD2CE7AB370008BC6A /* BaseResponse.swift in Sources */,
				647F05302CE33CF700DFF39A /* Coordinator.swift in Sources */,
				64FAC9B32CE71BCD00B7E228 /* LoginViewController.swift in Sources */,
				1FE6F1C72CE7A4350008BC6A /* DeviceManagerr.swift in Sources */,
				647F05312CE33CF700DFF39A /* LoginViewModel.swift in Sources */,
				1FE6F1CA2CE7AA760008BC6A /* AuthRepository.swift in Sources */,
				64DCFA772CE7495000151C9A /* Constants.swift in Sources */,
				1FE6F1D62CE8F02F0008BC6A /* UITabBarViewController.swift in Sources */,
				1FE6F1D02CE7AF120008BC6A /* AuthRequest.swift in Sources */,
				1FE6F1DD2CE8F8E30008BC6A /* UIViewController+Extension.swift in Sources */,
				64DCFA732CE7454B00151C9A /* ApiEndpoint.swift in Sources */,
				64DCFA752CE746BA00151C9A /* SessionManager.swift in Sources */,
			);
			runOnlyForDeploymentPostprocessing = 0;
		};
		645A65C72CE1B0B100173986 /* Sources */ = {
			isa = PBXSourcesBuildPhase;
			buildActionMask = 2147483647;
			files = (
			);
			runOnlyForDeploymentPostprocessing = 0;
		};
		645A65D12CE1B0B100173986 /* Sources */ = {
			isa = PBXSourcesBuildPhase;
			buildActionMask = 2147483647;
			files = (
			);
			runOnlyForDeploymentPostprocessing = 0;
		};
/* End PBXSourcesBuildPhase section */

/* Begin PBXTargetDependency section */
		645A65CD2CE1B0B100173986 /* PBXTargetDependency */ = {
			isa = PBXTargetDependency;
			target = 645A65B42CE1B0AF00173986 /* UIKitCoordinator */;
			targetProxy = 645A65CC2CE1B0B100173986 /* PBXContainerItemProxy */;
		};
		645A65D72CE1B0B100173986 /* PBXTargetDependency */ = {
			isa = PBXTargetDependency;
			target = 645A65B42CE1B0AF00173986 /* UIKitCoordinator */;
			targetProxy = 645A65D62CE1B0B100173986 /* PBXContainerItemProxy */;
		};
/* End PBXTargetDependency section */

/* Begin PBXVariantGroup section */
		647F05122CE33CF700DFF39A /* LaunchScreen.storyboard */ = {
			isa = PBXVariantGroup;
			children = (
				647F05112CE33CF700DFF39A /* Base */,
			);
			name = LaunchScreen.storyboard;
			sourceTree = "<group>";
		};
/* End PBXVariantGroup section */

/* Begin XCBuildConfiguration section */
		645A65DF2CE1B0B100173986 /* Debug */ = {
			isa = XCBuildConfiguration;
			baseConfigurationReference = 61C1CBE310301229844FADE3 /* Pods-UIKitCoordinator.debug.xcconfig */;
			buildSettings = {
				ASSETCATALOG_COMPILER_APPICON_NAME = AppIcon;
				ASSETCATALOG_COMPILER_GLOBAL_ACCENT_COLOR_NAME = AccentColor;
				CODE_SIGN_STYLE = Automatic;
				CURRENT_PROJECT_VERSION = 1;
				DEVELOPMENT_TEAM = 8WDM9V7J4G;
				ENABLE_USER_SCRIPT_SANDBOXING = NO;
				GENERATE_INFOPLIST_FILE = YES;
				INFOPLIST_FILE = UIKitCoordinator/Resources/Info.plist;
				INFOPLIST_KEY_UIApplicationSupportsIndirectInputEvents = YES;
				INFOPLIST_KEY_UILaunchStoryboardName = LaunchScreen;
				INFOPLIST_KEY_UISupportedInterfaceOrientations_iPad = "UIInterfaceOrientationPortrait UIInterfaceOrientationPortraitUpsideDown UIInterfaceOrientationLandscapeLeft UIInterfaceOrientationLandscapeRight";
				INFOPLIST_KEY_UISupportedInterfaceOrientations_iPhone = "UIInterfaceOrientationPortrait UIInterfaceOrientationLandscapeLeft UIInterfaceOrientationLandscapeRight";
				IPHONEOS_DEPLOYMENT_TARGET = 12.0;
				LD_RUNPATH_SEARCH_PATHS = (
					"$(inherited)",
					"@executable_path/Frameworks",
				);
				MARKETING_VERSION = 1.0;
				PRODUCT_BUNDLE_IDENTIFIER = example.UIKitCoordinator;
				PRODUCT_NAME = "$(TARGET_NAME)";
				SUPPORTED_PLATFORMS = "iphoneos iphonesimulator";
				SUPPORTS_MACCATALYST = NO;
				SUPPORTS_MAC_DESIGNED_FOR_IPHONE_IPAD = NO;
				SUPPORTS_XR_DESIGNED_FOR_IPHONE_IPAD = NO;
				SWIFT_EMIT_LOC_STRINGS = YES;
				SWIFT_VERSION = 5.0;
				TARGETED_DEVICE_FAMILY = "1,2";
			};
			name = Debug;
		};
		645A65E02CE1B0B100173986 /* Release */ = {
			isa = XCBuildConfiguration;
			baseConfigurationReference = DB27DEEB1F455905D16E978F /* Pods-UIKitCoordinator.release.xcconfig */;
			buildSettings = {
				ASSETCATALOG_COMPILER_APPICON_NAME = AppIcon;
				ASSETCATALOG_COMPILER_GLOBAL_ACCENT_COLOR_NAME = AccentColor;
				CODE_SIGN_IDENTITY = "Apple Development";
				CODE_SIGN_STYLE = Automatic;
				CURRENT_PROJECT_VERSION = 1;
				DEVELOPMENT_TEAM = 8WDM9V7J4G;
				ENABLE_USER_SCRIPT_SANDBOXING = NO;
				GENERATE_INFOPLIST_FILE = YES;
				INFOPLIST_FILE = UIKitCoordinator/Resources/Info.plist;
				INFOPLIST_KEY_UIApplicationSupportsIndirectInputEvents = YES;
				INFOPLIST_KEY_UILaunchStoryboardName = LaunchScreen;
				INFOPLIST_KEY_UISupportedInterfaceOrientations_iPad = "UIInterfaceOrientationPortrait UIInterfaceOrientationPortraitUpsideDown UIInterfaceOrientationLandscapeLeft UIInterfaceOrientationLandscapeRight";
				INFOPLIST_KEY_UISupportedInterfaceOrientations_iPhone = "UIInterfaceOrientationPortrait UIInterfaceOrientationLandscapeLeft UIInterfaceOrientationLandscapeRight";
				IPHONEOS_DEPLOYMENT_TARGET = 12.0;
				LD_RUNPATH_SEARCH_PATHS = (
					"$(inherited)",
					"@executable_path/Frameworks",
				);
				MARKETING_VERSION = 1.0;
				PRODUCT_BUNDLE_IDENTIFIER = example.UIKitCoordinator;
				PRODUCT_NAME = "$(TARGET_NAME)";
				PROVISIONING_PROFILE_SPECIFIER = "";
				SUPPORTED_PLATFORMS = "iphoneos iphonesimulator";
				SUPPORTS_MACCATALYST = NO;
				SUPPORTS_MAC_DESIGNED_FOR_IPHONE_IPAD = NO;
				SUPPORTS_XR_DESIGNED_FOR_IPHONE_IPAD = NO;
				SWIFT_EMIT_LOC_STRINGS = YES;
				SWIFT_VERSION = 5.0;
				TARGETED_DEVICE_FAMILY = "1,2";
			};
			name = Release;
		};
		645A65E12CE1B0B100173986 /* Debug */ = {
			isa = XCBuildConfiguration;
			buildSettings = {
				ALWAYS_SEARCH_USER_PATHS = NO;
				ASSETCATALOG_COMPILER_GENERATE_SWIFT_ASSET_SYMBOL_EXTENSIONS = YES;
				CLANG_ANALYZER_NONNULL = YES;
				CLANG_ANALYZER_NUMBER_OBJECT_CONVERSION = YES_AGGRESSIVE;
				CLANG_CXX_LANGUAGE_STANDARD = "gnu++20";
				CLANG_ENABLE_MODULES = YES;
				CLANG_ENABLE_OBJC_ARC = YES;
				CLANG_ENABLE_OBJC_WEAK = YES;
				CLANG_WARN_BLOCK_CAPTURE_AUTORELEASING = YES;
				CLANG_WARN_BOOL_CONVERSION = YES;
				CLANG_WARN_COMMA = YES;
				CLANG_WARN_CONSTANT_CONVERSION = YES;
				CLANG_WARN_DEPRECATED_OBJC_IMPLEMENTATIONS = YES;
				CLANG_WARN_DIRECT_OBJC_ISA_USAGE = YES_ERROR;
				CLANG_WARN_DOCUMENTATION_COMMENTS = YES;
				CLANG_WARN_EMPTY_BODY = YES;
				CLANG_WARN_ENUM_CONVERSION = YES;
				CLANG_WARN_INFINITE_RECURSION = YES;
				CLANG_WARN_INT_CONVERSION = YES;
				CLANG_WARN_NON_LITERAL_NULL_CONVERSION = YES;
				CLANG_WARN_OBJC_IMPLICIT_RETAIN_SELF = YES;
				CLANG_WARN_OBJC_LITERAL_CONVERSION = YES;
				CLANG_WARN_OBJC_ROOT_CLASS = YES_ERROR;
				CLANG_WARN_QUOTED_INCLUDE_IN_FRAMEWORK_HEADER = YES;
				CLANG_WARN_RANGE_LOOP_ANALYSIS = YES;
				CLANG_WARN_STRICT_PROTOTYPES = YES;
				CLANG_WARN_SUSPICIOUS_MOVE = YES;
				CLANG_WARN_UNGUARDED_AVAILABILITY = YES_AGGRESSIVE;
				CLANG_WARN_UNREACHABLE_CODE = YES;
				CLANG_WARN__DUPLICATE_METHOD_MATCH = YES;
				COPY_PHASE_STRIP = NO;
				DEBUG_INFORMATION_FORMAT = dwarf;
				ENABLE_STRICT_OBJC_MSGSEND = YES;
				ENABLE_TESTABILITY = YES;
				ENABLE_USER_SCRIPT_SANDBOXING = YES;
				GCC_C_LANGUAGE_STANDARD = gnu17;
				GCC_DYNAMIC_NO_PIC = NO;
				GCC_NO_COMMON_BLOCKS = YES;
				GCC_OPTIMIZATION_LEVEL = 0;
				GCC_PREPROCESSOR_DEFINITIONS = (
					"DEBUG=1",
					"$(inherited)",
				);
				GCC_WARN_64_TO_32_BIT_CONVERSION = YES;
				GCC_WARN_ABOUT_RETURN_TYPE = YES_ERROR;
				GCC_WARN_UNDECLARED_SELECTOR = YES;
				GCC_WARN_UNINITIALIZED_AUTOS = YES_AGGRESSIVE;
				GCC_WARN_UNUSED_FUNCTION = YES;
				GCC_WARN_UNUSED_VARIABLE = YES;
				IPHONEOS_DEPLOYMENT_TARGET = 18.0;
				LOCALIZATION_PREFERS_STRING_CATALOGS = YES;
				MTL_ENABLE_DEBUG_INFO = INCLUDE_SOURCE;
				MTL_FAST_MATH = YES;
				ONLY_ACTIVE_ARCH = YES;
				SDKROOT = iphoneos;
				SWIFT_ACTIVE_COMPILATION_CONDITIONS = "DEBUG $(inherited)";
				SWIFT_OPTIMIZATION_LEVEL = "-Onone";
			};
			name = Debug;
		};
		645A65E22CE1B0B100173986 /* Release */ = {
			isa = XCBuildConfiguration;
			buildSettings = {
				ALWAYS_SEARCH_USER_PATHS = NO;
				ASSETCATALOG_COMPILER_GENERATE_SWIFT_ASSET_SYMBOL_EXTENSIONS = YES;
				CLANG_ANALYZER_NONNULL = YES;
				CLANG_ANALYZER_NUMBER_OBJECT_CONVERSION = YES_AGGRESSIVE;
				CLANG_CXX_LANGUAGE_STANDARD = "gnu++20";
				CLANG_ENABLE_MODULES = YES;
				CLANG_ENABLE_OBJC_ARC = YES;
				CLANG_ENABLE_OBJC_WEAK = YES;
				CLANG_WARN_BLOCK_CAPTURE_AUTORELEASING = YES;
				CLANG_WARN_BOOL_CONVERSION = YES;
				CLANG_WARN_COMMA = YES;
				CLANG_WARN_CONSTANT_CONVERSION = YES;
				CLANG_WARN_DEPRECATED_OBJC_IMPLEMENTATIONS = YES;
				CLANG_WARN_DIRECT_OBJC_ISA_USAGE = YES_ERROR;
				CLANG_WARN_DOCUMENTATION_COMMENTS = YES;
				CLANG_WARN_EMPTY_BODY = YES;
				CLANG_WARN_ENUM_CONVERSION = YES;
				CLANG_WARN_INFINITE_RECURSION = YES;
				CLANG_WARN_INT_CONVERSION = YES;
				CLANG_WARN_NON_LITERAL_NULL_CONVERSION = YES;
				CLANG_WARN_OBJC_IMPLICIT_RETAIN_SELF = YES;
				CLANG_WARN_OBJC_LITERAL_CONVERSION = YES;
				CLANG_WARN_OBJC_ROOT_CLASS = YES_ERROR;
				CLANG_WARN_QUOTED_INCLUDE_IN_FRAMEWORK_HEADER = YES;
				CLANG_WARN_RANGE_LOOP_ANALYSIS = YES;
				CLANG_WARN_STRICT_PROTOTYPES = YES;
				CLANG_WARN_SUSPICIOUS_MOVE = YES;
				CLANG_WARN_UNGUARDED_AVAILABILITY = YES_AGGRESSIVE;
				CLANG_WARN_UNREACHABLE_CODE = YES;
				CLANG_WARN__DUPLICATE_METHOD_MATCH = YES;
				COPY_PHASE_STRIP = NO;
				DEBUG_INFORMATION_FORMAT = "dwarf-with-dsym";
				ENABLE_NS_ASSERTIONS = NO;
				ENABLE_STRICT_OBJC_MSGSEND = YES;
				ENABLE_USER_SCRIPT_SANDBOXING = YES;
				GCC_C_LANGUAGE_STANDARD = gnu17;
				GCC_NO_COMMON_BLOCKS = YES;
				GCC_WARN_64_TO_32_BIT_CONVERSION = YES;
				GCC_WARN_ABOUT_RETURN_TYPE = YES_ERROR;
				GCC_WARN_UNDECLARED_SELECTOR = YES;
				GCC_WARN_UNINITIALIZED_AUTOS = YES_AGGRESSIVE;
				GCC_WARN_UNUSED_FUNCTION = YES;
				GCC_WARN_UNUSED_VARIABLE = YES;
				IPHONEOS_DEPLOYMENT_TARGET = 18.0;
				LOCALIZATION_PREFERS_STRING_CATALOGS = YES;
				MTL_ENABLE_DEBUG_INFO = NO;
				MTL_FAST_MATH = YES;
				SDKROOT = iphoneos;
				SWIFT_COMPILATION_MODE = wholemodule;
				VALIDATE_PRODUCT = YES;
			};
			name = Release;
		};
		645A65E42CE1B0B100173986 /* Debug */ = {
			isa = XCBuildConfiguration;
			baseConfigurationReference = 6BF3469DD503901159C84A3A /* Pods-UIKitCoordinatorTests.debug.xcconfig */;
			buildSettings = {
				BUNDLE_LOADER = "$(TEST_HOST)";
				CODE_SIGN_STYLE = Automatic;
				CURRENT_PROJECT_VERSION = 1;
				GENERATE_INFOPLIST_FILE = YES;
				IPHONEOS_DEPLOYMENT_TARGET = 18.0;
				MARKETING_VERSION = 1.0;
				PRODUCT_BUNDLE_IDENTIFIER = example.UIKitCoordinatorTests;
				PRODUCT_NAME = "$(TARGET_NAME)";
				SWIFT_EMIT_LOC_STRINGS = NO;
				SWIFT_VERSION = 5.0;
				TARGETED_DEVICE_FAMILY = "1,2";
				TEST_HOST = "$(BUILT_PRODUCTS_DIR)/UIKitCoordinator.app/$(BUNDLE_EXECUTABLE_FOLDER_PATH)/UIKitCoordinator";
			};
			name = Debug;
		};
		645A65E52CE1B0B100173986 /* Release */ = {
			isa = XCBuildConfiguration;
			baseConfigurationReference = 541127D30F78FF6E8C722E14 /* Pods-UIKitCoordinatorTests.release.xcconfig */;
			buildSettings = {
				BUNDLE_LOADER = "$(TEST_HOST)";
				CODE_SIGN_STYLE = Automatic;
				CURRENT_PROJECT_VERSION = 1;
				GENERATE_INFOPLIST_FILE = YES;
				IPHONEOS_DEPLOYMENT_TARGET = 18.0;
				MARKETING_VERSION = 1.0;
				PRODUCT_BUNDLE_IDENTIFIER = example.UIKitCoordinatorTests;
				PRODUCT_NAME = "$(TARGET_NAME)";
				SWIFT_EMIT_LOC_STRINGS = NO;
				SWIFT_VERSION = 5.0;
				TARGETED_DEVICE_FAMILY = "1,2";
				TEST_HOST = "$(BUILT_PRODUCTS_DIR)/UIKitCoordinator.app/$(BUNDLE_EXECUTABLE_FOLDER_PATH)/UIKitCoordinator";
			};
			name = Release;
		};
		645A65E72CE1B0B100173986 /* Debug */ = {
			isa = XCBuildConfiguration;
			baseConfigurationReference = 0E2D0A3728F9251C1347F4D6 /* Pods-UIKitCoordinator-UIKitCoordinatorUITests.debug.xcconfig */;
			buildSettings = {
				CODE_SIGN_STYLE = Automatic;
				CURRENT_PROJECT_VERSION = 1;
				GENERATE_INFOPLIST_FILE = YES;
				MARKETING_VERSION = 1.0;
				PRODUCT_BUNDLE_IDENTIFIER = example.UIKitCoordinatorUITests;
				PRODUCT_NAME = "$(TARGET_NAME)";
				SWIFT_EMIT_LOC_STRINGS = NO;
				SWIFT_VERSION = 5.0;
				TARGETED_DEVICE_FAMILY = "1,2";
				TEST_TARGET_NAME = UIKitCoordinator;
			};
			name = Debug;
		};
		645A65E82CE1B0B100173986 /* Release */ = {
			isa = XCBuildConfiguration;
			baseConfigurationReference = 087DE1527C47467EC9746B97 /* Pods-UIKitCoordinator-UIKitCoordinatorUITests.release.xcconfig */;
			buildSettings = {
				CODE_SIGN_STYLE = Automatic;
				CURRENT_PROJECT_VERSION = 1;
				GENERATE_INFOPLIST_FILE = YES;
				MARKETING_VERSION = 1.0;
				PRODUCT_BUNDLE_IDENTIFIER = example.UIKitCoordinatorUITests;
				PRODUCT_NAME = "$(TARGET_NAME)";
				SWIFT_EMIT_LOC_STRINGS = NO;
				SWIFT_VERSION = 5.0;
				TARGETED_DEVICE_FAMILY = "1,2";
				TEST_TARGET_NAME = UIKitCoordinator;
			};
			name = Release;
		};
/* End XCBuildConfiguration section */

/* Begin XCConfigurationList section */
		645A65B02CE1B0AF00173986 /* Build configuration list for PBXProject "UIKitCoordinator" */ = {
			isa = XCConfigurationList;
			buildConfigurations = (
				645A65E12CE1B0B100173986 /* Debug */,
				645A65E22CE1B0B100173986 /* Release */,
			);
			defaultConfigurationIsVisible = 0;
			defaultConfigurationName = Release;
		};
		645A65DE2CE1B0B100173986 /* Build configuration list for PBXNativeTarget "UIKitCoordinator" */ = {
			isa = XCConfigurationList;
			buildConfigurations = (
				645A65DF2CE1B0B100173986 /* Debug */,
				645A65E02CE1B0B100173986 /* Release */,
			);
			defaultConfigurationIsVisible = 0;
			defaultConfigurationName = Release;
		};
		645A65E32CE1B0B100173986 /* Build configuration list for PBXNativeTarget "UIKitCoordinatorTests" */ = {
			isa = XCConfigurationList;
			buildConfigurations = (
				645A65E42CE1B0B100173986 /* Debug */,
				645A65E52CE1B0B100173986 /* Release */,
			);
			defaultConfigurationIsVisible = 0;
			defaultConfigurationName = Release;
		};
		645A65E62CE1B0B100173986 /* Build configuration list for PBXNativeTarget "UIKitCoordinatorUITests" */ = {
			isa = XCConfigurationList;
			buildConfigurations = (
				645A65E72CE1B0B100173986 /* Debug */,
				645A65E82CE1B0B100173986 /* Release */,
			);
			defaultConfigurationIsVisible = 0;
			defaultConfigurationName = Release;
		};
/* End XCConfigurationList section */
	};
	rootObject = 645A65AD2CE1B0AF00173986 /* Project object */;
}
